
Microsoft Visual Studio Solution File, Format Version 12.00
# Visual Studio 15
VisualStudioVersion = 15.0.27004.2002
MinimumVisualStudioVersion = 10.0.40219.1
Project("{00D1A9C2-B5F0-4AF3-8072-F6C62B433612}") = "Database1", "Database1\Database1.sqlproj", "{2B44E08D-81FE-4D67-88D2-3B276A80DB27}"
EndProject
Global
	GlobalSection(SolutionConfigurationPlatforms) = preSolution
		Debug|Any CPU = Debug|Any CPU
		Release|Any CPU = Release|Any CPU
	EndGlobalSection
	GlobalSection(ProjectConfigurationPlatforms) = postSolution
		{2B44E08D-81FE-4D67-88D2-3B276A80DB27}.Debug|Any CPU.ActiveCfg = Debug|Any CPU
		{2B44E08D-81FE-4D67-88D2-3B276A80DB27}.Debug|Any CPU.Build.0 = Debug|Any CPU
		{2B44E08D-81FE-4D67-88D2-3B276A80DB27}.Debug|Any CPU.Deploy.0 = Debug|Any CPU
		{2B44E08D-81FE-4D67-88D2-3B276A80DB27}.Release|Any CPU.ActiveCfg = Release|Any CPU
		{2B44E08D-81FE-4D67-88D2-3B276A80DB27}.Release|Any CPU.Build.0 = Release|Any CPU
		{2B44E08D-81FE-4D67-88D2-3B276A80DB27}.Release|Any CPU.Deploy.0 = Release|Any CPU
	EndGlobalSection
	GlobalSection(SolutionProperties) = preSolution
		HideSolutionNode = FALSE
	EndGlobalSection
	GlobalSection(ExtensibilityGlobals) = postSolution
		SolutionGuid = {F876E18B-30D3-44AF-9569-F61A395621C0}
	EndGlobalSection
EndGlobal
